
Microsoft Visual Studio Solution File, Format Version 12.00
# Visual Studio Version 17
VisualStudioVersion = 17.2.32630.192
MinimumVisualStudioVersion = 10.0.40219.1
Project("{FAE04EC0-301F-11D3-BF4B-00C04F79EFBC}") = "Autentification", "Autentification\Autentification.csproj", "{F281F447-4F3A-4D13-8647-FEC353A140B3}"
EndProject
Global
	GlobalSection(SolutionConfigurationPlatforms) = preSolution
		Debug|Any CPU = Debug|Any CPU
		Release|Any CPU = Release|Any CPU
	EndGlobalSection
	GlobalSection(ProjectConfigurationPlatforms) = postSolution
		{F281F447-4F3A-4D13-8647-FEC353A140B3}.Debug|Any CPU.ActiveCfg = Debug|Any CPU
		{F281F447-4F3A-4D13-8647-FEC353A140B3}.Debug|Any CPU.Build.0 = Debug|Any CPU
		{F281F447-4F3A-4D13-8647-FEC353A140B3}.Release|Any CPU.ActiveCfg = Release|Any CPU
		{F281F447-4F3A-4D13-8647-FEC353A140B3}.Release|Any CPU.Build.0 = Release|Any CPU
	EndGlobalSection
	GlobalSection(SolutionProperties) = preSolution
		HideSolutionNode = FALSE
	EndGlobalSection
	GlobalSection(ExtensibilityGlobals) = postSolution
		SolutionGuid = {7FA19B8E-AB46-482A-A44F-C172EC5AF7A8}
	EndGlobalSection
EndGlobal
